
Microsoft Visual Studio Solution File, Format Version 12.00
# Visual Studio 15
VisualStudioVersion = 15.0.28307.645
MinimumVisualStudioVersion = 10.0.40219.1
Project("{FAE04EC0-301F-11D3-BF4B-00C04F79EFBC}") = "DiagramOrg", "DiagramOrg\DiagramOrg.csproj", "{F5FDEF42-1596-4482-AFFA-E3A687842B13}"
EndProject
Global
	GlobalSection(SolutionConfigurationPlatforms) = preSolution
		Debug|Any CPU = Debug|Any CPU
		Release|Any CPU = Release|Any CPU
	EndGlobalSection
	GlobalSection(ProjectConfigurationPlatforms) = postSolution
		{F5FDEF42-1596-4482-AFFA-E3A687842B13}.Debug|Any CPU.ActiveCfg = Debug|Any CPU
		{F5FDEF42-1596-4482-AFFA-E3A687842B13}.Debug|Any CPU.Build.0 = Debug|Any CPU
		{F5FDEF42-1596-4482-AFFA-E3A687842B13}.Release|Any CPU.ActiveCfg = Release|Any CPU
		{F5FDEF42-1596-4482-AFFA-E3A687842B13}.Release|Any CPU.Build.0 = Release|Any CPU
	EndGlobalSection
	GlobalSection(SolutionProperties) = preSolution
		HideSolutionNode = FALSE
	EndGlobalSection
	GlobalSection(ExtensibilityGlobals) = postSolution
		SolutionGuid = {39997819-08DB-4A4F-ADED-304041C9B17E}
	EndGlobalSection
EndGlobal
